
Microsoft Visual Studio Solution File, Format Version 12.00
# Visual Studio 15
VisualStudioVersion = 15.0.28307.705
MinimumVisualStudioVersion = 10.0.40219.1
Project("{9A19103F-16F7-4668-BE54-9A1E7A4F7556}") = "AngCore", "AngCore\AngCore.csproj", "{EDEE5687-F675-469D-80B4-62FA8C3D28BC}"
EndProject
Project("{9A19103F-16F7-4668-BE54-9A1E7A4F7556}") = "AngService", "AngService\AngService.csproj", "{5FAAE320-CD7B-4061-B59A-D803A6BEC4C3}"
EndProject
Project("{9A19103F-16F7-4668-BE54-9A1E7A4F7556}") = "AngHttp", "AngHttp\AngHttp.csproj", "{838EA3A3-3020-44AC-B913-7079853D7BB2}"
EndProject
Project("{FAE04EC0-301F-11D3-BF4B-00C04F79EFBC}") = "AngHttpService", "AngHttpService\AngHttpService.csproj", "{6291EB5A-88B7-4020-9933-FB89E9A3747B}"
EndProject
Global
	GlobalSection(SolutionConfigurationPlatforms) = preSolution
		Debug|Any CPU = Debug|Any CPU
		Release|Any CPU = Release|Any CPU
	EndGlobalSection
	GlobalSection(ProjectConfigurationPlatforms) = postSolution
		{EDEE5687-F675-469D-80B4-62FA8C3D28BC}.Debug|Any CPU.ActiveCfg = Debug|Any CPU
		{EDEE5687-F675-469D-80B4-62FA8C3D28BC}.Debug|Any CPU.Build.0 = Debug|Any CPU
		{EDEE5687-F675-469D-80B4-62FA8C3D28BC}.Release|Any CPU.ActiveCfg = Release|Any CPU
		{EDEE5687-F675-469D-80B4-62FA8C3D28BC}.Release|Any CPU.Build.0 = Release|Any CPU
		{5FAAE320-CD7B-4061-B59A-D803A6BEC4C3}.Debug|Any CPU.ActiveCfg = Debug|Any CPU
		{5FAAE320-CD7B-4061-B59A-D803A6BEC4C3}.Debug|Any CPU.Build.0 = Debug|Any CPU
		{5FAAE320-CD7B-4061-B59A-D803A6BEC4C3}.Release|Any CPU.ActiveCfg = Release|Any CPU
		{5FAAE320-CD7B-4061-B59A-D803A6BEC4C3}.Release|Any CPU.Build.0 = Release|Any CPU
		{838EA3A3-3020-44AC-B913-7079853D7BB2}.Debug|Any CPU.ActiveCfg = Debug|Any CPU
		{838EA3A3-3020-44AC-B913-7079853D7BB2}.Debug|Any CPU.Build.0 = Debug|Any CPU
		{838EA3A3-3020-44AC-B913-7079853D7BB2}.Release|Any CPU.ActiveCfg = Release|Any CPU
		{838EA3A3-3020-44AC-B913-7079853D7BB2}.Release|Any CPU.Build.0 = Release|Any CPU
		{6291EB5A-88B7-4020-9933-FB89E9A3747B}.Debug|Any CPU.ActiveCfg = Debug|Any CPU
		{6291EB5A-88B7-4020-9933-FB89E9A3747B}.Debug|Any CPU.Build.0 = Debug|Any CPU
		{6291EB5A-88B7-4020-9933-FB89E9A3747B}.Release|Any CPU.ActiveCfg = Release|Any CPU
		{6291EB5A-88B7-4020-9933-FB89E9A3747B}.Release|Any CPU.Build.0 = Release|Any CPU
	EndGlobalSection
	GlobalSection(SolutionProperties) = preSolution
		HideSolutionNode = FALSE
	EndGlobalSection
	GlobalSection(ExtensibilityGlobals) = postSolution
		SolutionGuid = {ADCE5555-A373-4B0C-BAB1-A238276B1C48}
	EndGlobalSection
EndGlobal
