
Microsoft Visual Studio Solution File, Format Version 12.00
# Visual Studio 15
VisualStudioVersion = 15.0.28307.705
MinimumVisualStudioVersion = 10.0.40219.1
Project("{FAE04EC0-301F-11D3-BF4B-00C04F79EFBC}") = "App1", "App1\App1.csproj", "{8652F965-156F-4AA2-808A-64A3532FCD3A}"
EndProject
Global
	GlobalSection(SolutionConfigurationPlatforms) = preSolution
		Debug|Any CPU = Debug|Any CPU
		Release|Any CPU = Release|Any CPU
	EndGlobalSection
	GlobalSection(ProjectConfigurationPlatforms) = postSolution
		{8652F965-156F-4AA2-808A-64A3532FCD3A}.Debug|Any CPU.ActiveCfg = Debug|Any CPU
		{8652F965-156F-4AA2-808A-64A3532FCD3A}.Debug|Any CPU.Build.0 = Debug|Any CPU
		{8652F965-156F-4AA2-808A-64A3532FCD3A}.Release|Any CPU.ActiveCfg = Release|Any CPU
		{8652F965-156F-4AA2-808A-64A3532FCD3A}.Release|Any CPU.Build.0 = Release|Any CPU
	EndGlobalSection
	GlobalSection(SolutionProperties) = preSolution
		HideSolutionNode = FALSE
	EndGlobalSection
	GlobalSection(ExtensibilityGlobals) = postSolution
		SolutionGuid = {85D878B1-0E42-4F29-B0DB-11C73F2DA28B}
	EndGlobalSection
EndGlobal
