
Microsoft Visual Studio Solution File, Format Version 12.00
# Visual Studio 15
VisualStudioVersion = 15.0.28307.705
MinimumVisualStudioVersion = 10.0.40219.1
Project("{FAE04EC0-301F-11D3-BF4B-00C04F79EFBC}") = "Service", "Service\Service.csproj", "{B4724A2A-8121-49D6-A193-D7C3220D06AE}"
EndProject
Project("{FAE04EC0-301F-11D3-BF4B-00C04F79EFBC}") = "Demo.Shared", "Demo.Shared\Demo.Shared.csproj", "{70DC6608-9824-43E8-8E96-362E776D06C5}"
EndProject
Project("{FAE04EC0-301F-11D3-BF4B-00C04F79EFBC}") = "Client", "Client\Client.csproj", "{D6A50234-E274-4669-A74E-9CF7A4092667}"
EndProject
Project("{FAE04EC0-301F-11D3-BF4B-00C04F79EFBC}") = "ClickOnce", "ClickOnce\ClickOnce.csproj", "{A81D110B-8425-466D-A77F-6AFA0F3689F7}"
EndProject
Global
	GlobalSection(SolutionConfigurationPlatforms) = preSolution
		Debug|Any CPU = Debug|Any CPU
		Release|Any CPU = Release|Any CPU
	EndGlobalSection
	GlobalSection(ProjectConfigurationPlatforms) = postSolution
		{B4724A2A-8121-49D6-A193-D7C3220D06AE}.Debug|Any CPU.ActiveCfg = Debug|Any CPU
		{B4724A2A-8121-49D6-A193-D7C3220D06AE}.Debug|Any CPU.Build.0 = Debug|Any CPU
		{B4724A2A-8121-49D6-A193-D7C3220D06AE}.Release|Any CPU.ActiveCfg = Release|Any CPU
		{B4724A2A-8121-49D6-A193-D7C3220D06AE}.Release|Any CPU.Build.0 = Release|Any CPU
		{70DC6608-9824-43E8-8E96-362E776D06C5}.Debug|Any CPU.ActiveCfg = Debug|Any CPU
		{70DC6608-9824-43E8-8E96-362E776D06C5}.Debug|Any CPU.Build.0 = Debug|Any CPU
		{70DC6608-9824-43E8-8E96-362E776D06C5}.Release|Any CPU.ActiveCfg = Release|Any CPU
		{70DC6608-9824-43E8-8E96-362E776D06C5}.Release|Any CPU.Build.0 = Release|Any CPU
		{D6A50234-E274-4669-A74E-9CF7A4092667}.Debug|Any CPU.ActiveCfg = Debug|Any CPU
		{D6A50234-E274-4669-A74E-9CF7A4092667}.Debug|Any CPU.Build.0 = Debug|Any CPU
		{D6A50234-E274-4669-A74E-9CF7A4092667}.Release|Any CPU.ActiveCfg = Release|Any CPU
		{D6A50234-E274-4669-A74E-9CF7A4092667}.Release|Any CPU.Build.0 = Release|Any CPU
		{A81D110B-8425-466D-A77F-6AFA0F3689F7}.Debug|Any CPU.ActiveCfg = Debug|Any CPU
		{A81D110B-8425-466D-A77F-6AFA0F3689F7}.Debug|Any CPU.Build.0 = Debug|Any CPU
		{A81D110B-8425-466D-A77F-6AFA0F3689F7}.Release|Any CPU.ActiveCfg = Release|Any CPU
		{A81D110B-8425-466D-A77F-6AFA0F3689F7}.Release|Any CPU.Build.0 = Release|Any CPU
	EndGlobalSection
	GlobalSection(SolutionProperties) = preSolution
		HideSolutionNode = FALSE
	EndGlobalSection
	GlobalSection(ExtensibilityGlobals) = postSolution
		SolutionGuid = {53998224-8D21-48E8-ADC7-E8C4DA95114E}
	EndGlobalSection
EndGlobal
